{
  "originHash" : "80b5808134d36d822d1593d1bf6e74d00b8d5998083e5bc7c2e6488130253103",
  "pins" : [
    {
      "identity" : "resultsugar",
      "kind" : "remoteSourceControl",
      "location" : "https://github.com/eonist/ResultSugar.git",
      "state" : {
        "branch" : "master",
        "revision" : "673730823dd17fd67e7e9c916ee717b70d5dd5cf"
      }
    },
    {
      "identity" : "with",
      "kind" : "remoteSourceControl",
      "location" : "https://github.com/eonist/With.git",
      "state" : {
        "branch" : "master",
        "revision" : "269183a02d156debb1701a0e864a725161b4c165"
      }
    },
    {
      "identity" : "zoomswitcherkit",
      "kind" : "remoteSourceControl",
      "location" : "https://github.com/eonist/ZoomSwitcherKit.git",
      "state" : {
        "branch" : "master",
        "revision" : "87039ba2d1ddc7856cdf179a74730de02b48dfe4"
      }
    }
  ],
  "version" : 3
}
